PODS:
  - aero_f_ble (0.0.1):
    - Flutter
  - Flutter (1.0.0)

DEPENDENCIES:
  - aero_f_ble (from `.symlinks/plugins/aero_f_ble/ios`)
  - Flutter (from `Flutter`)

EXTERNAL SOURCES:
  aero_f_ble:
    :path: ".symlinks/plugins/aero_f_ble/ios"
  Flutter:
    :path: Flutter

SPEC CHECKSUMS:
  aero_f_ble: ccf1796bcd024ef2a9ff0c26c3e40970ca92dde7
  Flutter: 50d75fe2f02b26cc09d224853bb45737f8b3214a

PODFILE CHECKSUM: bc23ee18fe34d6a366984038dfda0d27c81c4fbf

COCOAPODS: 1.11.2
